
Microsoft Visual Studio Solution File, Format Version 12.00
# Visual Studio Version 17
VisualStudioVersion = 17.4.33213.308
MinimumVisualStudioVersion = 10.0.40219.1
Project("{FAE04EC0-301F-11D3-BF4B-00C04F79EFBC}") = "Charamaker3", "Charamaker3\Charamaker3.csproj", "{98E01CD4-15E2-4F72-B146-2312B2F1980A}"
EndProject
Project("{9A19103F-16F7-4668-BE54-9A1E7A4F7556}") = "Charamaker", "Charamaker\Charamaker.csproj", "{6F680BBB-896F-42D3-A544-A3B68DAB2382}"
EndProject
Project("{FAE04EC0-301F-11D3-BF4B-00C04F79EFBC}") = "Sample", "Sample\Sample.csproj", "{5E163362-5DD2-4BD6-80E3-EB6690D22958}"
EndProject
Global
	GlobalSection(SolutionConfigurationPlatforms) = preSolution
		Debug|Any CPU = Debug|Any CPU
		Release|Any CPU = Release|Any CPU
	EndGlobalSection
	GlobalSection(ProjectConfigurationPlatforms) = postSolution
		{98E01CD4-15E2-4F72-B146-2312B2F1980A}.Debug|Any CPU.ActiveCfg = Debug|Any CPU
		{98E01CD4-15E2-4F72-B146-2312B2F1980A}.Debug|Any CPU.Build.0 = Debug|Any CPU
		{98E01CD4-15E2-4F72-B146-2312B2F1980A}.Release|Any CPU.ActiveCfg = Release|Any CPU
		{98E01CD4-15E2-4F72-B146-2312B2F1980A}.Release|Any CPU.Build.0 = Release|Any CPU
		{6F680BBB-896F-42D3-A544-A3B68DAB2382}.Debug|Any CPU.ActiveCfg = Debug|Any CPU
		{6F680BBB-896F-42D3-A544-A3B68DAB2382}.Debug|Any CPU.Build.0 = Debug|Any CPU
		{6F680BBB-896F-42D3-A544-A3B68DAB2382}.Release|Any CPU.ActiveCfg = Release|Any CPU
		{6F680BBB-896F-42D3-A544-A3B68DAB2382}.Release|Any CPU.Build.0 = Release|Any CPU
		{5E163362-5DD2-4BD6-80E3-EB6690D22958}.Debug|Any CPU.ActiveCfg = Debug|Any CPU
		{5E163362-5DD2-4BD6-80E3-EB6690D22958}.Debug|Any CPU.Build.0 = Debug|Any CPU
		{5E163362-5DD2-4BD6-80E3-EB6690D22958}.Release|Any CPU.ActiveCfg = Release|Any CPU
		{5E163362-5DD2-4BD6-80E3-EB6690D22958}.Release|Any CPU.Build.0 = Release|Any CPU
	EndGlobalSection
	GlobalSection(SolutionProperties) = preSolution
		HideSolutionNode = FALSE
	EndGlobalSection
	GlobalSection(ExtensibilityGlobals) = postSolution
		SolutionGuid = {6376DE87-469E-4DFD-8D8E-7C2909DF787C}
	EndGlobalSection
EndGlobal
